
Microsoft Visual Studio Solution File, Format Version 12.00
# Visual Studio 14
VisualStudioVersion = 14.0.25420.1
MinimumVisualStudioVersion = 10.0.40219.1
Project("{8BC9CEB8-8B4A-11D0-8D11-00A0C91BC942}") = "Erebus", "Erebus\Erebus.vcxproj", "{E6A0A219-1A11-429B-8E14-C814B88EADBE}"
EndProject
Project("{8BC9CEB8-8B4A-11D0-8D11-00A0C91BC942}") = "Gear", "Gear\Gear.vcxproj", "{7AE8F691-75C9-447C-AE7B-63364E8DAA79}"
EndProject
Project("{8BC9CEB8-8B4A-11D0-8D11-00A0C91BC942}") = "Importer", "Importer\Importer.vcxproj", "{56D70726-725F-48E5-B935-71A5451CCD72}"
EndProject
Project("{8BC9CEB8-8B4A-11D0-8D11-00A0C91BC942}") = "Nurn", "Nurn\Nurn.vcxproj", "{DB7257BD-F056-4EEB-9DB7-66B785CEB0E6}"
EndProject
Project("{8BC9CEB8-8B4A-11D0-8D11-00A0C91BC942}") = "AGI", "AGI\AGI.vcxproj", "{0CB02D37-8167-4416-B889-D35D96CECE4C}"
EndProject
Global
	GlobalSection(SolutionConfigurationPlatforms) = preSolution
		Debug|x64 = Debug|x64
		Debug|x86 = Debug|x86
		Release|x64 = Release|x64
		Release|x86 = Release|x86
	EndGlobalSection
	GlobalSection(ProjectConfigurationPlatforms) = postSolution
		{E6A0A219-1A11-429B-8E14-C814B88EADBE}.Debug|x64.ActiveCfg = Debug|x64
		{E6A0A219-1A11-429B-8E14-C814B88EADBE}.Debug|x64.Build.0 = Debug|x64
		{E6A0A219-1A11-429B-8E14-C814B88EADBE}.Debug|x86.ActiveCfg = Debug|Win32
		{E6A0A219-1A11-429B-8E14-C814B88EADBE}.Debug|x86.Build.0 = Debug|Win32
		{E6A0A219-1A11-429B-8E14-C814B88EADBE}.Release|x64.ActiveCfg = Release|x64
		{E6A0A219-1A11-429B-8E14-C814B88EADBE}.Release|x64.Build.0 = Release|x64
		{E6A0A219-1A11-429B-8E14-C814B88EADBE}.Release|x86.ActiveCfg = Release|Win32
		{E6A0A219-1A11-429B-8E14-C814B88EADBE}.Release|x86.Build.0 = Release|Win32
		{7AE8F691-75C9-447C-AE7B-63364E8DAA79}.Debug|x64.ActiveCfg = Debug|x64
		{7AE8F691-75C9-447C-AE7B-63364E8DAA79}.Debug|x64.Build.0 = Debug|x64
		{7AE8F691-75C9-447C-AE7B-63364E8DAA79}.Debug|x86.ActiveCfg = Debug|Win32
		{7AE8F691-75C9-447C-AE7B-63364E8DAA79}.Debug|x86.Build.0 = Debug|Win32
		{7AE8F691-75C9-447C-AE7B-63364E8DAA79}.Release|x64.ActiveCfg = Release|x64
		{7AE8F691-75C9-447C-AE7B-63364E8DAA79}.Release|x64.Build.0 = Release|x64
		{7AE8F691-75C9-447C-AE7B-63364E8DAA79}.Release|x86.ActiveCfg = Release|Win32
		{7AE8F691-75C9-447C-AE7B-63364E8DAA79}.Release|x86.Build.0 = Release|Win32
		{56D70726-725F-48E5-B935-71A5451CCD72}.Debug|x64.ActiveCfg = Debug|x64
		{56D70726-725F-48E5-B935-71A5451CCD72}.Debug|x64.Build.0 = Debug|x64
		{56D70726-725F-48E5-B935-71A5451CCD72}.Debug|x86.ActiveCfg = Debug|Win32
		{56D70726-725F-48E5-B935-71A5451CCD72}.Debug|x86.Build.0 = Debug|Win32
		{56D70726-725F-48E5-B935-71A5451CCD72}.Release|x64.ActiveCfg = Release|x64
		{56D70726-725F-48E5-B935-71A5451CCD72}.Release|x64.Build.0 = Release|x64
		{56D70726-725F-48E5-B935-71A5451CCD72}.Release|x86.ActiveCfg = Release|Win32
		{56D70726-725F-48E5-B935-71A5451CCD72}.Release|x86.Build.0 = Release|Win32
		{DB7257BD-F056-4EEB-9DB7-66B785CEB0E6}.Debug|x64.ActiveCfg = Debug|x64
		{DB7257BD-F056-4EEB-9DB7-66B785CEB0E6}.Debug|x64.Build.0 = Debug|x64
		{DB7257BD-F056-4EEB-9DB7-66B785CEB0E6}.Debug|x86.ActiveCfg = Debug|Win32
		{DB7257BD-F056-4EEB-9DB7-66B785CEB0E6}.Debug|x86.Build.0 = Debug|Win32
		{DB7257BD-F056-4EEB-9DB7-66B785CEB0E6}.Release|x64.ActiveCfg = Release|x64
		{DB7257BD-F056-4EEB-9DB7-66B785CEB0E6}.Release|x64.Build.0 = Release|x64
		{DB7257BD-F056-4EEB-9DB7-66B785CEB0E6}.Release|x86.ActiveCfg = Release|Win32
		{DB7257BD-F056-4EEB-9DB7-66B785CEB0E6}.Release|x86.Build.0 = Release|Win32
		{0CB02D37-8167-4416-B889-D35D96CECE4C}.Debug|x64.ActiveCfg = Debug|x64
		{0CB02D37-8167-4416-B889-D35D96CECE4C}.Debug|x64.Build.0 = Debug|x64
		{0CB02D37-8167-4416-B889-D35D96CECE4C}.Debug|x86.ActiveCfg = Debug|Win32
		{0CB02D37-8167-4416-B889-D35D96CECE4C}.Debug|x86.Build.0 = Debug|Win32
		{0CB02D37-8167-4416-B889-D35D96CECE4C}.Release|x64.ActiveCfg = Release|x64
		{0CB02D37-8167-4416-B889-D35D96CECE4C}.Release|x64.Build.0 = Release|x64
		{0CB02D37-8167-4416-B889-D35D96CECE4C}.Release|x86.ActiveCfg = Release|Win32
		{0CB02D37-8167-4416-B889-D35D96CECE4C}.Release|x86.Build.0 = Release|Win32
	EndGlobalSection
	GlobalSection(SolutionProperties) = preSolution
		HideSolutionNode = FALSE
	EndGlobalSection
EndGlobal
