<?xml version="1.0" encoding="utf-8"?>
<Project ToolsVersion="4.0" xmlns="http://schemas.microsoft.com/developer/msbuild/2003">
  <ItemGroup>
    <ClCompile Include="Address.cpp">
      <Filter>Source Files</Filter>
    </ClCompile>
    <ClCompile Include="Communication.cpp">
      <Filter>Source Files</Filter>
    </ClCompile>
    <ClCompile Include="Nurn.cpp">
      <Filter>Source Files</Filter>
    </ClCompile>
    <ClCompile Include="Packager.cpp">
      <Filter>Source Files</Filter>
    </ClCompile>
    <ClCompile Include="PacketFilter.cpp">
      <Filter>Source Files</Filter>
    </ClCompile>
    <ClCompile Include="Socket.cpp">
      <Filter>Source Files</Filter>
    </ClCompile>
    <ClCompile Include="TCPCommunication.cpp">
      <Filter>Source Files</Filter>
    </ClCompile>
    <ClCompile Include="TCPSocket.cpp">
      <Filter>Source Files</Filter>
    </ClCompile>
    <ClCompile Include="UDPCommunication.cpp">
      <Filter>Source Files</Filter>
    </ClCompile>
    <ClCompile Include="UDPSocket.cpp">
      <Filter>Source Files</Filter>
    </ClCompile>
    <ClCompile Include="DebugNetwork.cpp">
      <Filter>Debug</Filter>
    </ClCompile>
  </ItemGroup>
  <ItemGroup>
    <ClInclude Include="TransformPacket.hpp">
      <Filter>Packages</Filter>
    </ClInclude>
    <ClInclude Include="AnimationPacket.hpp">
      <Filter>Packages</Filter>
    </ClInclude>
    <ClInclude Include="Address.hpp">
      <Filter>Header Files</Filter>
    </ClInclude>
    <ClInclude Include="Communication.hpp">
      <Filter>Header Files</Filter>
    </ClInclude>
    <ClInclude Include="NetworkDefines.hpp">
      <Filter>Header Files</Filter>
    </ClInclude>
    <ClInclude Include="Nurn.hpp">
      <Filter>Header Files</Filter>
    </ClInclude>
    <ClInclude Include="Packager.hpp">
      <Filter>Header Files</Filter>
    </ClInclude>
    <ClInclude Include="PacketEnums.hpp">
      <Filter>Header Files</Filter>
    </ClInclude>
    <ClInclude Include="PacketFilter.hpp">
      <Filter>Header Files</Filter>
    </ClInclude>
    <ClInclude Include="PacketQueue.hpp">
      <Filter>Header Files</Filter>
    </ClInclude>
    <ClInclude Include="Socket.hpp">
      <Filter>Header Files</Filter>
    </ClInclude>
    <ClInclude Include="TCPCommunication.hpp">
      <Filter>Header Files</Filter>
    </ClInclude>
    <ClInclude Include="TCPSocket.hpp">
      <Filter>Header Files</Filter>
    </ClInclude>
    <ClInclude Include="UDPCommunication.hpp">
      <Filter>Header Files</Filter>
    </ClInclude>
    <ClInclude Include="UDPSocket.hpp">
      <Filter>Header Files</Filter>
    </ClInclude>
    <ClInclude Include="UDPPacket.hpp">
      <Filter>Packages</Filter>
    </ClInclude>
    <ClInclude Include="MetaDataPacket.hpp">
      <Filter>Packages</Filter>
    </ClInclude>
    <ClInclude Include="SpellPacket.hpp">
      <Filter>Packages</Filter>
    </ClInclude>
    <ClInclude Include="AIStatePacket.hpp">
      <Filter>Packages</Filter>
    </ClInclude>
    <ClInclude Include="ChargingPacket.hpp">
      <Filter>Packages</Filter>
    </ClInclude>
    <ClInclude Include="QuickBlendPacket.hpp">
      <Filter>Packages</Filter>
    </ClInclude>
    <ClInclude Include="DamagePacket.hpp">
      <Filter>Packages</Filter>
    </ClInclude>
    <ClInclude Include="ChangeSpellsPacket.hpp">
      <Filter>Packages</Filter>
    </ClInclude>
    <ClInclude Include="DebugNetwork.hpp">
      <Filter>Debug</Filter>
    </ClInclude>
    <ClInclude Include="PingPacket.hpp">
      <Filter>Packages</Filter>
    </ClInclude>
    <ClInclude Include="EventPacket.hpp">
      <Filter>Packages</Filter>
    </ClInclude>
    <ClInclude Include="DashPacket.hpp">
      <Filter>Packages</Filter>
    </ClInclude>
    <ClInclude Include="HealthPacket.hpp">
      <Filter>Packages</Filter>
    </ClInclude>
    <ClInclude Include="PacketQueueInterface.hpp">
      <Filter>Header Files</Filter>
    </ClInclude>
  </ItemGroup>
  <ItemGroup>
    <Filter Include="Packages">
      <UniqueIdentifier>{8713bcbb-4a55-4aad-8fe5-8765c0c6103f}</UniqueIdentifier>
    </Filter>
    <Filter Include="Header Files">
      <UniqueIdentifier>{e3beb81b-9ae6-4fec-b757-55212eaa86b3}</UniqueIdentifier>
    </Filter>
    <Filter Include="Source Files">
      <UniqueIdentifier>{a625d880-be0e-4c8c-a97d-719864cd16b3}</UniqueIdentifier>
    </Filter>
    <Filter Include="Debug">
      <UniqueIdentifier>{bcbc8231-362e-4b2d-904f-6849c6597dce}</UniqueIdentifier>
    </Filter>
  </ItemGroup>
</Project>