<?xml version="1.0" encoding="utf-8"?>
<Project ToolsVersion="4.0" xmlns="http://schemas.microsoft.com/developer/msbuild/2003">
  <ItemGroup>
    <Filter Include="Source Files">
      <UniqueIdentifier>{4FC737F1-C7A5-4376-A066-2A32D752A2FF}</UniqueIdentifier>
      <Extensions>cpp;c;cc;cxx;def;odl;idl;hpj;bat;asm;asmx</Extensions>
    </Filter>
    <Filter Include="Header Files">
      <UniqueIdentifier>{93995380-89BD-4b04-88EB-625FBE52EBFB}</UniqueIdentifier>
      <Extensions>h;hh;hpp;hxx;hm;inl;inc;xsd</Extensions>
    </Filter>
    <Filter Include="Resource Files">
      <UniqueIdentifier>{67DA6AB6-F800-4c08-8B7A-83BB121AAD01}</UniqueIdentifier>
      <Extensions>rc;ico;cur;bmp;dlg;rc2;rct;bin;rgs;gif;jpg;jpeg;jpe;resx;tiff;tif;png;wav;mfcribbon-ms</Extensions>
    </Filter>
    <Filter Include="Shaders">
      <UniqueIdentifier>{9fa48421-5d77-4cf0-b14d-33ec44d0e899}</UniqueIdentifier>
    </Filter>
  </ItemGroup>
  <ItemGroup>
    <ClInclude Include="Gear.h">
      <Filter>Header Files</Filter>
    </ClInclude>
    <ClInclude Include="BaseIncludes.h">
      <Filter>Header Files</Filter>
    </ClInclude>
    <ClInclude Include="RenderQueue.h">
      <Filter>Header Files</Filter>
    </ClInclude>
    <ClInclude Include="RenderQueueElement.h">
      <Filter>Header Files</Filter>
    </ClInclude>
    <ClInclude Include="ShaderCreator.h">
      <Filter>Header Files</Filter>
    </ClInclude>
    <ClInclude Include="ShaderProgram.h">
      <Filter>Header Files</Filter>
    </ClInclude>
    <ClInclude Include="Camera.h">
      <Filter>Header Files</Filter>
    </ClInclude>
  </ItemGroup>
  <ItemGroup>
    <ClCompile Include="Gear.cpp">
      <Filter>Source Files</Filter>
    </ClCompile>
    <ClCompile Include="RenderQueue.cpp">
      <Filter>Source Files</Filter>
    </ClCompile>
    <ClCompile Include="ShaderProgram.cpp">
      <Filter>Source Files</Filter>
    </ClCompile>
    <ClCompile Include="Camera.cpp">
      <Filter>Source Files</Filter>
    </ClCompile>
  </ItemGroup>
  <ItemGroup>
    <None Include="..\Erebus\Shaders\defpixel.glsl">
      <Filter>Shaders</Filter>
    </None>
    <None Include="..\Erebus\Shaders\defvertex.glsl">
      <Filter>Shaders</Filter>
    </None>
    <None Include="..\Erebus\Shaders\forward.frag">
      <Filter>Shaders</Filter>
    </None>
    <None Include="..\Erebus\Shaders\forward.geom">
      <Filter>Shaders</Filter>
    </None>
    <None Include="..\Erebus\Shaders\forward.vert">
      <Filter>Shaders</Filter>
    </None>
    <None Include="..\Erebus\Shaders\phong.frag">
      <Filter>Shaders</Filter>
    </None>
    <None Include="..\Erebus\Shaders\phong.vert">
      <Filter>Shaders</Filter>
    </None>
  </ItemGroup>
</Project>