<?xml version="1.0" encoding="utf-8"?>
<Project ToolsVersion="4.0" xmlns="http://schemas.microsoft.com/developer/msbuild/2003">
  <ItemGroup>
    <ClCompile Include="PerformanceCounter.cpp">
      <Filter>Source</Filter>
    </ClCompile>
    <ClCompile Include="Player.cpp">
      <Filter>Source</Filter>
    </ClCompile>
    <ClCompile Include="source.cpp">
      <Filter>Source</Filter>
    </ClCompile>
    <ClCompile Include="Transform.cpp">
      <Filter>Source</Filter>
    </ClCompile>
    <ClCompile Include="Controls.cpp">
      <Filter>Source</Filter>
    </ClCompile>
    <ClCompile Include="..\Importer\HeightMap.cpp">
      <Filter>Source</Filter>
    </ClCompile>
    <ClCompile Include="SphereCollider.cpp">
      <Filter>Source Files</Filter>
    </ClCompile>
    <ClCompile Include="AABBCollider.cpp">
      <Filter>Source Files</Filter>
    </ClCompile>
    <ClCompile Include="HitBox.cpp">
      <Filter>Source Files</Filter>
    </ClCompile>
    <ClCompile Include="CollisionHandler.cpp">
      <Filter>Source Files</Filter>
    </ClCompile>
    <ClCompile Include="AABBSquareCollider.cpp">
      <Filter>Source Files</Filter>
    </ClCompile>
  </ItemGroup>
  <ItemGroup>
    <ClInclude Include="Controls.h">
      <Filter>Header</Filter>
    </ClInclude>
    <ClInclude Include="Player.h">
      <Filter>Header</Filter>
    </ClInclude>
    <ClInclude Include="PerformanceCounter.h">
      <Filter>Header</Filter>
    </ClInclude>
    <ClInclude Include="Transform.h">
      <Filter>Header</Filter>
    </ClInclude>
    <ClInclude Include="LuaBinds.h">
      <Filter>Header</Filter>
    </ClInclude>
    <ClInclude Include="..\Importer\HeightMap.h">
      <Filter>Header</Filter>
    </ClInclude>
  </ItemGroup>
  <ItemGroup>
    <None Include="Shaders\forward.frag" />
    <None Include="Shaders\forward.geom" />
    <None Include="Shaders\forward.vert" />
    <None Include="Shaders\particle.frag" />
    <None Include="Shaders\particle.geom" />
    <None Include="Shaders\particle.vert" />
    <None Include="Scripts\test.lua">
      <Filter>Scripts</Filter>
    </None>
    <None Include="Shaders\heightmap.frag" />
    <None Include="Shaders\heightmap.vert" />
  </ItemGroup>
  <ItemGroup>
    <Filter Include="Header">
      <UniqueIdentifier>{ae65c5f9-4fe4-4eab-acd8-48212b2938ab}</UniqueIdentifier>
    </Filter>
    <Filter Include="Source">
      <UniqueIdentifier>{3ab4472d-20fe-477b-b728-c17a14631885}</UniqueIdentifier>
    </Filter>
    <Filter Include="Scripts">
      <UniqueIdentifier>{bcc5d642-deca-4746-8214-af93e12cf7e0}</UniqueIdentifier>
    </Filter>
  </ItemGroup>
  <ItemGroup>
    <ClInclude Include="SphereCollider.h">
      <Filter>Header Files</Filter>
    </ClInclude>
    <ClInclude Include="AABBCollider.h">
      <Filter>Header Files</Filter>
    </ClInclude>
    <ClInclude Include="HitBox.h">
      <Filter>Header Files</Filter>
    </ClInclude>
    <ClInclude Include="CollisionHandler.h">
      <Filter>Header Files</Filter>
    </ClInclude>
    <ClInclude Include="AABBSquareCollider.h">
      <Filter>Header Files</Filter>
    </ClInclude>
  </ItemGroup>
</Project>