<?xml version="1.0" encoding="utf-8"?>
<Project ToolsVersion="4.0" xmlns="http://schemas.microsoft.com/developer/msbuild/2003">
  <ItemGroup>
    <ClCompile Include="HitBox.cpp" />
    <ClCompile Include="LevelEditor.cpp" />
    <ClCompile Include="LevelModel.cpp" />
    <ClCompile Include="LuaAssets.cpp" />
    <ClCompile Include="LuaBinds.cpp" />
    <ClCompile Include="LuaCamera.cpp" />
    <ClCompile Include="LuaCollision.cpp" />
    <ClCompile Include="LuaControls.cpp" />
    <ClCompile Include="LuaErebus.cpp" />
    <ClCompile Include="LuaGear.cpp" />
    <ClCompile Include="LuaParticles.cpp" />
    <ClCompile Include="LuaTransform.cpp" />
    <ClCompile Include="PerformanceCounter.cpp" />
    <ClCompile Include="source.cpp" />
    <ClCompile Include="SphereCollider.cpp" />
    <ClCompile Include="Transform.cpp" />
    <ClCompile Include="AABBCollider.cpp">
      <Filter>Source Files</Filter>
    </ClCompile>
    <ClCompile Include="CollisionHandler.cpp">
      <Filter>Source Files</Filter>
    </ClCompile>
    <ClCompile Include="CollisionLayers.cpp">
      <Filter>Source Files</Filter>
    </ClCompile>
    <ClCompile Include="Controls.cpp">
      <Filter>Source Files</Filter>
    </ClCompile>
  </ItemGroup>
  <ItemGroup>
    <ClInclude Include="AABBCollider.h" />
    <ClInclude Include="CollisionHandler.h" />
    <ClInclude Include="CollisionLayers.h" />
    <ClInclude Include="HitBox.h" />
    <ClInclude Include="LevelEditor.h" />
    <ClInclude Include="LevelModel.h" />
    <ClInclude Include="LuaAssets.h" />
    <ClInclude Include="LuaCamera.h" />
    <ClInclude Include="LuaCollision.h" />
    <ClInclude Include="LuaControls.h" />
    <ClInclude Include="LuaErebus.h" />
    <ClInclude Include="LuaGear.h" />
    <ClInclude Include="LuaParticles.h" />
    <ClInclude Include="LuaTransform.h" />
    <ClInclude Include="Controls.h" />
    <ClInclude Include="LuaBinds.h" />
    <ClInclude Include="PerformanceCounter.h" />
    <ClInclude Include="SphereCollider.h" />
    <ClInclude Include="Transform.h" />
  </ItemGroup>
  <ItemGroup>
    <None Include="Scripts\arc.lua" />
    <None Include="Scripts\basespell.lua" />
    <None Include="Scripts\bullets.lua" />
    <None Include="Scripts\camera.lua" />
    <None Include="Scripts\cameraLevelEditor.lua" />
    <None Include="Scripts\enemies.lua" />
    <None Include="Scripts\main.lua" />
    <None Include="Scripts\player.lua" />
    <None Include="Scripts\projectile.lua" />
    <None Include="Scripts\test.lua" />
    <None Include="Shaders\lightPass.frag" />
    <None Include="Shaders\lightPass.vert" />
    <None Include="Shaders\particle.frag" />
    <None Include="Shaders\particle.geom" />
    <None Include="Shaders\quad.frag" />
    <None Include="Shaders\quad.vert" />
    <None Include="Shaders\text.frag" />
    <None Include="Shaders\text.geom" />
    <None Include="Shaders\text.vert" />
    <None Include="Scripts\particle.lua" />
    <None Include="Shaders\anim.frag">
      <Filter>Shaders</Filter>
    </None>
    <None Include="Shaders\anim.vert">
      <Filter>Shaders</Filter>
    </None>
    <None Include="Shaders\particle.vert">
      <Filter>Shaders</Filter>
    </None>
    <None Include="Shaders\debug.frag">
      <Filter>Shaders</Filter>
    </None>
    <None Include="Shaders\debug.vert">
      <Filter>Shaders</Filter>
    </None>
    <None Include="Shaders\debugLine.geom">
      <Filter>Shaders</Filter>
    </None>
    <None Include="Shaders\forward.frag">
      <Filter>Shaders</Filter>
    </None>
    <None Include="Shaders\forward.geom">
      <Filter>Shaders</Filter>
    </None>
    <None Include="Shaders\forward.vert">
      <Filter>Shaders</Filter>
    </None>
    <None Include="Shaders\forwardAnim.frag">
      <Filter>Shaders</Filter>
    </None>
    <None Include="Shaders\forwardAnim.geom">
      <Filter>Shaders</Filter>
    </None>
    <None Include="Shaders\forwardAnim.vert">
      <Filter>Shaders</Filter>
    </None>
    <None Include="Shaders\geometryPass.frag">
      <Filter>Shaders</Filter>
    </None>
    <None Include="Shaders\geometryPass.vert">
      <Filter>Shaders</Filter>
    </None>
    <None Include="Shaders\geometryPass_notInstanced.frag">
      <Filter>Shaders</Filter>
    </None>
    <None Include="Shaders\geometryPass_notInstanced.vert">
      <Filter>Shaders</Filter>
    </None>
    <None Include="Shaders\geometryPicking.frag">
      <Filter>Shaders</Filter>
    </None>
    <None Include="Shaders\geometryPicking.vert">
      <Filter>Shaders</Filter>
    </None>
    <None Include="Shaders\heightmap.frag">
      <Filter>Shaders</Filter>
    </None>
    <None Include="Shaders\heightmap.vert">
      <Filter>Shaders</Filter>
    </None>
  </ItemGroup>
  <ItemGroup>
    <Filter Include="Shaders">
      <UniqueIdentifier>{af75909d-6f25-4e85-acd2-11436252e86c}</UniqueIdentifier>
    </Filter>
    <Filter Include="Source Files">
      <UniqueIdentifier>{57c70cf2-a239-409e-9fe8-a2f55231dcef}</UniqueIdentifier>
    </Filter>
  </ItemGroup>
</Project>