<?xml version="1.0" encoding="utf-8"?>
<Project ToolsVersion="4.0" xmlns="http://schemas.microsoft.com/developer/msbuild/2003">
  <ItemGroup>
    <ClCompile Include="Controls.cpp">
      <Filter>Source files</Filter>
    </ClCompile>
    <ClCompile Include="..\Importer\HeightMap.cpp">
      <Filter>Source files</Filter>
    </ClCompile>
    <ClCompile Include="PerformanceCounter.cpp">
      <Filter>Source files</Filter>
    </ClCompile>
    <ClCompile Include="Player.cpp">
      <Filter>Source files</Filter>
    </ClCompile>
    <ClCompile Include="source.cpp">
      <Filter>Source files</Filter>
    </ClCompile>
    <ClCompile Include="Transform.cpp">
      <Filter>Source files</Filter>
    </ClCompile>
    <ClCompile Include="Weapon.cpp">
      <Filter>Source files</Filter>
    </ClCompile>
    <ClCompile Include="Magic.cpp">
      <Filter>Source files</Filter>
    </ClCompile>
  </ItemGroup>
  <ItemGroup>
    <ClInclude Include="Controls.h">
      <Filter>Header files</Filter>
    </ClInclude>
    <ClInclude Include="..\Importer\HeightMap.h">
      <Filter>Header files</Filter>
    </ClInclude>
    <ClInclude Include="LuaBinds.h">
      <Filter>Header files</Filter>
    </ClInclude>
    <ClInclude Include="Player.h">
      <Filter>Header files</Filter>
    </ClInclude>
    <ClInclude Include="Weapon.h">
      <Filter>Header files</Filter>
    </ClInclude>
    <ClInclude Include="Transform.h">
      <Filter>Header files</Filter>
    </ClInclude>
    <ClInclude Include="PerformanceCounter.h">
      <Filter>Header files</Filter>
    </ClInclude>
    <ClInclude Include="Magic.h">
      <Filter>Header files</Filter>
    </ClInclude>
  </ItemGroup>
  <ItemGroup>
    <None Include="Scripts\test.lua" />
    <None Include="Shaders\particle.frag">
      <Filter>shaders</Filter>
    </None>
    <None Include="Shaders\heightmap.vert">
      <Filter>shaders</Filter>
    </None>
    <None Include="Shaders\heightmap.frag">
      <Filter>shaders</Filter>
    </None>
    <None Include="Shaders\forward.vert">
      <Filter>shaders</Filter>
    </None>
    <None Include="Shaders\forward.geom">
      <Filter>shaders</Filter>
    </None>
    <None Include="Shaders\forward.frag">
      <Filter>shaders</Filter>
    </None>
    <None Include="Shaders\particle.geom">
      <Filter>shaders</Filter>
    </None>
    <None Include="Shaders\particle.vert">
      <Filter>shaders</Filter>
    </None>
  </ItemGroup>
  <ItemGroup>
    <Filter Include="Source files">
      <UniqueIdentifier>{cd03ed30-70a3-4c76-9067-e0053dda5515}</UniqueIdentifier>
    </Filter>
    <Filter Include="Header files">
      <UniqueIdentifier>{16773c82-ad6c-46ef-b6d5-381f16be96a4}</UniqueIdentifier>
    </Filter>
    <Filter Include="shaders">
      <UniqueIdentifier>{521a2a28-ff0b-404b-850c-2078ae9c0023}</UniqueIdentifier>
    </Filter>
  </ItemGroup>
</Project>